# @generated by Move, please check-in and do not edit manually.

[move]
version = 1
manifest_digest = "10AF30DADCE11A9D583117BE3FF4DBFBD694D8EF1322999897CAA1E97E1BF78D"
deps_digest = "F8BBB0CCB2491CA29A3DF03D6F92277A4F3574266507ACD77214D37ECA3F3082"
dependencies = [
  { name = "Sui" },
]

[[move.package]]
name = "MoveStdlib"
source = { git = "https://github.com/MystenLabs/sui.git", rev = "framework/testnet", subdir = "crates\\sui-framework\\packages\\move-stdlib" }

[[move.package]]
name = "Sui"
source = { git = "https://github.com/MystenLabs/sui.git", rev = "framework/testnet", subdir = "crates/sui-framework/packages/sui-framework" }

dependencies = [
  { name = "MoveStdlib" },
]

[move.toolchain-version]
compiler-version = "1.26.0"
edition = "legacy"
flavor = "sui"

[env]

[env.devnet]
chain-id = "bd665407"
original-published-id = "0x874741711378f683a243efc56ac309dcbbdf36cebd7e165578a6fb5ef5b98620"
latest-published-id = "0x874741711378f683a243efc56ac309dcbbdf36cebd7e165578a6fb5ef5b98620"
published-version = "1"

[env.testnet]
chain-id = "4c78adac"
original-published-id = "0x17246516b226a48e2d22fa6976033f2f0d0e8c08741d5c586c11657b7ef6ca07"
latest-published-id = "0x17246516b226a48e2d22fa6976033f2f0d0e8c08741d5c586c11657b7ef6ca07"
published-version = "1"
